
Microsoft Visual Studio Solution File, Format Version 12.00
# Visual Studio 15
VisualStudioVersion = 15.0.28307.421
MinimumVisualStudioVersion = 10.0.40219.1
Project("{FAE04EC0-301F-11D3-BF4B-00C04F79EFBC}") = "NoPrecompileView", "NoPrecompileView\NoPrecompileView.csproj", "{56AB25F8-06E3-446A-B071-C1BDB74F9DA8}"
EndProject
Global
	GlobalSection(SolutionConfigurationPlatforms) = preSolution
		Debug|Any CPU = Debug|Any CPU
		Release|Any CPU = Release|Any CPU
	EndGlobalSection
	GlobalSection(ProjectConfigurationPlatforms) = postSolution
		{56AB25F8-06E3-446A-B071-C1BDB74F9DA8}.Debug|Any CPU.ActiveCfg = Debug|Any CPU
		{56AB25F8-06E3-446A-B071-C1BDB74F9DA8}.Debug|Any CPU.Build.0 = Debug|Any CPU
		{56AB25F8-06E3-446A-B071-C1BDB74F9DA8}.Release|Any CPU.ActiveCfg = Release|Any CPU
		{56AB25F8-06E3-446A-B071-C1BDB74F9DA8}.Release|Any CPU.Build.0 = Release|Any CPU
	EndGlobalSection
	GlobalSection(SolutionProperties) = preSolution
		HideSolutionNode = FALSE
	EndGlobalSection
	GlobalSection(ExtensibilityGlobals) = postSolution
		SolutionGuid = {1C69F753-6C89-45B0-9F74-3B21D012FC38}
	EndGlobalSection
EndGlobal
